
Microsoft Visual Studio Solution File, Format Version 12.00
# Visual Studio 15
VisualStudioVersion = 15.0.27428.2002
MinimumVisualStudioVersion = 10.0.40219.1
Project("{6EC3EE1D-3C4E-46DD-8F32-0CC8E7565705}") = "NavySharp", "NavySharp\NavySharp.fsproj", "{580C52B7-140F-415F-B9F3-14E5ED4EAFB7}"
EndProject
Global
	GlobalSection(SolutionConfigurationPlatforms) = preSolution
		Debug|Any CPU = Debug|Any CPU
		Release|Any CPU = Release|Any CPU
	EndGlobalSection
	GlobalSection(ProjectConfigurationPlatforms) = postSolution
		{580C52B7-140F-415F-B9F3-14E5ED4EAFB7}.Debug|Any CPU.ActiveCfg = Debug|Any CPU
		{580C52B7-140F-415F-B9F3-14E5ED4EAFB7}.Debug|Any CPU.Build.0 = Debug|Any CPU
		{580C52B7-140F-415F-B9F3-14E5ED4EAFB7}.Release|Any CPU.ActiveCfg = Release|Any CPU
		{580C52B7-140F-415F-B9F3-14E5ED4EAFB7}.Release|Any CPU.Build.0 = Release|Any CPU
	EndGlobalSection
	GlobalSection(SolutionProperties) = preSolution
		HideSolutionNode = FALSE
	EndGlobalSection
	GlobalSection(ExtensibilityGlobals) = postSolution
		SolutionGuid = {E07C7B95-AB19-47B9-8B33-AE0E9AB4E11A}
	EndGlobalSection
EndGlobal
